// !$*UTF8*$!
{
	archiveVersion = 1;
	classes = {
	};
	objectVersion = 50;
	objects = {

/* Begin PBXBuildFile section */
		C95010A328A8FD6600974D9D /* AppDelegate.swift in Sources */ = {isa = PBXBuildFile; fileRef = C95010A228A8FD6600974D9D /* AppDelegate.swift */; };
		C95010A528A8FD6600974D9D /* SceneDelegate.swift in Sources */ = {isa = PBXBuildFile; fileRef = C95010A428A8FD6600974D9D /* SceneDelegate.swift */; };
		C95010A728A8FD6600974D9D /* ViewController.swift in Sources */ = {isa = PBXBuildFile; fileRef = C95010A628A8FD6600974D9D /* ViewController.swift */; };
		C95010AA28A8FD6600974D9D /* Main.storyboard in Resources */ = {isa = PBXBuildFile; fileRef = C95010A828A8FD6600974D9D /* Main.storyboard */; };
		C95010AC28A8FD6800974D9D /* Assets.xcassets in Resources */ = {isa = PBXBuildFile; fileRef = C95010AB28A8FD6800974D9D /* Assets.xcassets */; };
		C95010AF28A8FD6800974D9D /* LaunchScreen.storyboard in Resources */ = {isa = PBXBuildFile; fileRef = C95010AD28A8FD6800974D9D /* LaunchScreen.storyboard */; };
		C95010BA28A8FD6800974D9D /* Virgin_DirectoryTests.swift in Sources */ = {isa = PBXBuildFile; fileRef = C95010B928A8FD6800974D9D /* Virgin_DirectoryTests.swift */; };
		C95010C528A8FD6800974D9D /* Virgin_DirectoryUITests.swift in Sources */ = {isa = PBXBuildFile; fileRef = C95010C428A8FD6800974D9D /* Virgin_DirectoryUITests.swift */; };
		C95010DA28A8FEA400974D9D /* People.swift in Sources */ = {isa = PBXBuildFile; fileRef = C95010D928A8FEA400974D9D /* People.swift */; };
		C95010E228A8FEBA00974D9D /* Rooms.swift in Sources */ = {isa = PBXBuildFile; fileRef = C95010E128A8FEBA00974D9D /* Rooms.swift */; };
		C950110C28A9017F00974D9D /* PeoplesTableViewCell.swift in Sources */ = {isa = PBXBuildFile; fileRef = C950110A28A9017F00974D9D /* PeoplesTableViewCell.swift */; };
		C950110D28A9017F00974D9D /* PeoplesTableViewCell.xib in Resources */ = {isa = PBXBuildFile; fileRef = C950110B28A9017F00974D9D /* PeoplesTableViewCell.xib */; };
		C950111328A901C000974D9D /* RoomTableViewCell.swift in Sources */ = {isa = PBXBuildFile; fileRef = C950111128A901C000974D9D /* RoomTableViewCell.swift */; };
		C950111428A901C000974D9D /* RoomTableViewCell.xib in Resources */ = {isa = PBXBuildFile; fileRef = C950111228A901C000974D9D /* RoomTableViewCell.xib */; };
		C950111928A9020F00974D9D /* Parser.swift in Sources */ = {isa = PBXBuildFile; fileRef = C950111828A9020F00974D9D /* Parser.swift */; };
		C950111F28A902D100974D9D /* Constants.swift in Sources */ = {isa = PBXBuildFile; fileRef = C950111E28A902D100974D9D /* Constants.swift */; };
/* End PBXBuildFile section */

/* Begin PBXContainerItemProxy section */
		C95010B628A8FD6800974D9D /* PBXContainerItemProxy */ = {
			isa = PBXContainerItemProxy;
			containerPortal = C950109728A8FD6600974D9D /* Project object */;
			proxyType = 1;
			remoteGlobalIDString = C950109E28A8FD6600974D9D;
			remoteInfo = "Virgin Directory";
		};
		C95010C128A8FD6800974D9D /* PBXContainerItemProxy */ = {
			isa = PBXContainerItemProxy;
			containerPortal = C950109728A8FD6600974D9D /* Project object */;
			proxyType = 1;
			remoteGlobalIDString = C950109E28A8FD6600974D9D;
			remoteInfo = "Virgin Directory";
		};
/* End PBXContainerItemProxy section */

/* Begin PBXFileReference section */
		C950109F28A8FD6600974D9D /* Virgin Directory.app */ = {isa = PBXFileReference; explicitFileType = wrapper.application; includeInIndex = 0; path = "Virgin Directory.app"; sourceTree = BUILT_PRODUCTS_DIR; };
		C95010A228A8FD6600974D9D /* AppDelegate.swift */ = {isa = PBXFileReference; lastKnownFileType = sourcecode.swift; path = AppDelegate.swift; sourceTree = "<group>"; };
		C95010A428A8FD6600974D9D /* SceneDelegate.swift */ = {isa = PBXFileReference; lastKnownFileType = sourcecode.swift; path = SceneDelegate.swift; sourceTree = "<group>"; };
		C95010A628A8FD6600974D9D /* ViewController.swift */ = {isa = PBXFileReference; lastKnownFileType = sourcecode.swift; path = ViewController.swift; sourceTree = "<group>"; };
		C95010A928A8FD6600974D9D /* Base */ = {isa = PBXFileReference; lastKnownFileType = file.storyboard; name = Base; path = Base.lproj/Main.storyboard; sourceTree = "<group>"; };
		C95010AB28A8FD6800974D9D /* Assets.xcassets */ = {isa = PBXFileReference; lastKnownFileType = folder.assetcatalog; path = Assets.xcassets; sourceTree = "<group>"; };
		C95010AE28A8FD6800974D9D /* Base */ = {isa = PBXFileReference; lastKnownFileType = file.storyboard; name = Base; path = Base.lproj/LaunchScreen.storyboard; sourceTree = "<group>"; };
		C95010B028A8FD6800974D9D /* Info.plist */ = {isa = PBXFileReference; lastKnownFileType = text.plist.xml; path = Info.plist; sourceTree = "<group>"; };
		C95010B528A8FD6800974D9D /* Virgin DirectoryTests.xctest */ = {isa = PBXFileReference; explicitFileType = wrapper.cfbundle; includeInIndex = 0; path = "Virgin DirectoryTests.xctest"; sourceTree = BUILT_PRODUCTS_DIR; };
		C95010B928A8FD6800974D9D /* Virgin_DirectoryTests.swift */ = {isa = PBXFileReference; lastKnownFileType = sourcecode.swift; path = Virgin_DirectoryTests.swift; sourceTree = "<group>"; };
		C95010BB28A8FD6800974D9D /* Info.plist */ = {isa = PBXFileReference; lastKnownFileType = text.plist.xml; path = Info.plist; sourceTree = "<group>"; };
		C95010C028A8FD6800974D9D /* Virgin DirectoryUITests.xctest */ = {isa = PBXFileReference; explicitFileType = wrapper.cfbundle; includeInIndex = 0; path = "Virgin DirectoryUITests.xctest"; sourceTree = BUILT_PRODUCTS_DIR; };
		C95010C428A8FD6800974D9D /* Virgin_DirectoryUITests.swift */ = {isa = PBXFileReference; lastKnownFileType = sourcecode.swift; path = Virgin_DirectoryUITests.swift; sourceTree = "<group>"; };
		C95010C628A8FD6800974D9D /* Info.plist */ = {isa = PBXFileReference; lastKnownFileType = text.plist.xml; path = Info.plist; sourceTree = "<group>"; };
		C95010D928A8FEA400974D9D /* People.swift */ = {isa = PBXFileReference; lastKnownFileType = sourcecode.swift; path = People.swift; sourceTree = "<group>"; };
		C95010E128A8FEBA00974D9D /* Rooms.swift */ = {isa = PBXFileReference; lastKnownFileType = sourcecode.swift; path = Rooms.swift; sourceTree = "<group>"; };
		C950110A28A9017F00974D9D /* PeoplesTableViewCell.swift */ = {isa = PBXFileReference; lastKnownFileType = sourcecode.swift; path = PeoplesTableViewCell.swift; sourceTree = "<group>"; };
		C950110B28A9017F00974D9D /* PeoplesTableViewCell.xib */ = {isa = PBXFileReference; lastKnownFileType = file.xib; path = PeoplesTableViewCell.xib; sourceTree = "<group>"; };
		C950111128A901C000974D9D /* RoomTableViewCell.swift */ = {isa = PBXFileReference; lastKnownFileType = sourcecode.swift; path = RoomTableViewCell.swift; sourceTree = "<group>"; };
		C950111228A901C000974D9D /* RoomTableViewCell.xib */ = {isa = PBXFileReference; lastKnownFileType = file.xib; path = RoomTableViewCell.xib; sourceTree = "<group>"; };
		C950111828A9020F00974D9D /* Parser.swift */ = {isa = PBXFileReference; lastKnownFileType = sourcecode.swift; path = Parser.swift; sourceTree = "<group>"; };
		C950111E28A902D100974D9D /* Constants.swift */ = {isa = PBXFileReference; lastKnownFileType = sourcecode.swift; path = Constants.swift; sourceTree = "<group>"; };
/* End PBXFileReference section */

/* Begin PBXFrameworksBuildPhase section */
		C950109C28A8FD6600974D9D /* Frameworks */ = {
			isa = PBXFrameworksBuildPhase;
			buildActionMask = 2147483647;
			files = (
			);
			runOnlyForDeploymentPostprocessing = 0;
		};
		C95010B228A8FD6800974D9D /* Frameworks */ = {
			isa = PBXFrameworksBuildPhase;
			buildActionMask = 2147483647;
			files = (
			);
			runOnlyForDeploymentPostprocessing = 0;
		};
		C95010BD28A8FD6800974D9D /* Frameworks */ = {
			isa = PBXFrameworksBuildPhase;
			buildActionMask = 2147483647;
			files = (
			);
			runOnlyForDeploymentPostprocessing = 0;
		};
/* End PBXFrameworksBuildPhase section */

/* Begin PBXGroup section */
		C950109628A8FD6600974D9D = {
			isa = PBXGroup;
			children = (
				C95010A128A8FD6600974D9D /* Virgin Directory */,
				C95010B828A8FD6800974D9D /* Virgin DirectoryTests */,
				C95010C328A8FD6800974D9D /* Virgin DirectoryUITests */,
				C95010A028A8FD6600974D9D /* Products */,
			);
			sourceTree = "<group>";
		};
		C95010A028A8FD6600974D9D /* Products */ = {
			isa = PBXGroup;
			children = (
				C950109F28A8FD6600974D9D /* Virgin Directory.app */,
				C95010B528A8FD6800974D9D /* Virgin DirectoryTests.xctest */,
				C95010C028A8FD6800974D9D /* Virgin DirectoryUITests.xctest */,
			);
			name = Products;
			sourceTree = "<group>";
		};
		C95010A128A8FD6600974D9D /* Virgin Directory */ = {
			isa = PBXGroup;
			children = (
				C950111D28A902B200974D9D /* VD Constants */,
				C95010D828A8FE8200974D9D /* Controller */,
				C95010D728A8FE7800974D9D /* View Model */,
				C95010D628A8FE7100974D9D /* View */,
				C95010D528A8FE1D00974D9D /* Model */,
				C95010A228A8FD6600974D9D /* AppDelegate.swift */,
				C95010A428A8FD6600974D9D /* SceneDelegate.swift */,
				C95010AB28A8FD6800974D9D /* Assets.xcassets */,
				C95010AD28A8FD6800974D9D /* LaunchScreen.storyboard */,
				C95010B028A8FD6800974D9D /* Info.plist */,
			);
			path = "Virgin Directory";
			sourceTree = "<group>";
		};
		C95010B828A8FD6800974D9D /* Virgin DirectoryTests */ = {
			isa = PBXGroup;
			children = (
				C95010B928A8FD6800974D9D /* Virgin_DirectoryTests.swift */,
				C95010BB28A8FD6800974D9D /* Info.plist */,
			);
			path = "Virgin DirectoryTests";
			sourceTree = "<group>";
		};
		C95010C328A8FD6800974D9D /* Virgin DirectoryUITests */ = {
			isa = PBXGroup;
			children = (
				C95010C428A8FD6800974D9D /* Virgin_DirectoryUITests.swift */,
				C95010C628A8FD6800974D9D /* Info.plist */,
			);
			path = "Virgin DirectoryUITests";
			sourceTree = "<group>";
		};
		C95010D528A8FE1D00974D9D /* Model */ = {
			isa = PBXGroup;
			children = (
				C95010D928A8FEA400974D9D /* People.swift */,
				C95010E128A8FEBA00974D9D /* Rooms.swift */,
			);
			path = Model;
			sourceTree = "<group>";
		};
		C95010D628A8FE7100974D9D /* View */ = {
			isa = PBXGroup;
			children = (
				C95010A828A8FD6600974D9D /* Main.storyboard */,
				C950110A28A9017F00974D9D /* PeoplesTableViewCell.swift */,
				C950110B28A9017F00974D9D /* PeoplesTableViewCell.xib */,
				C950111128A901C000974D9D /* RoomTableViewCell.swift */,
				C950111228A901C000974D9D /* RoomTableViewCell.xib */,
			);
			path = View;
			sourceTree = "<group>";
		};
		C95010D728A8FE7800974D9D /* View Model */ = {
			isa = PBXGroup;
			children = (
				C950111828A9020F00974D9D /* Parser.swift */,
			);
			path = "View Model";
			sourceTree = "<group>";
		};
		C95010D828A8FE8200974D9D /* Controller */ = {
			isa = PBXGroup;
			children = (
				C95010A628A8FD6600974D9D /* ViewController.swift */,
			);
			path = Controller;
			sourceTree = "<group>";
		};
		C950111D28A902B200974D9D /* VD Constants */ = {
			isa = PBXGroup;
			children = (
				C950111E28A902D100974D9D /* Constants.swift */,
			);
			path = "VD Constants";
			sourceTree = "<group>";
		};
/* End PBXGroup section */

/* Begin PBXNativeTarget section */
		C950109E28A8FD6600974D9D /* Virgin Directory */ = {
			isa = PBXNativeTarget;
			buildConfigurationList = C95010C928A8FD6800974D9D /* Build configuration list for PBXNativeTarget "Virgin Directory" */;
			buildPhases = (
				C950109B28A8FD6600974D9D /* Sources */,
				C950109C28A8FD6600974D9D /* Frameworks */,
				C950109D28A8FD6600974D9D /* Resources */,
			);
			buildRules = (
			);
			dependencies = (
			);
			name = "Virgin Directory";
			productName = "Virgin Directory";
			productReference = C950109F28A8FD6600974D9D /* Virgin Directory.app */;
			productType = "com.apple.product-type.application";
		};
		C95010B428A8FD6800974D9D /* Virgin DirectoryTests */ = {
			isa = PBXNativeTarget;
			buildConfigurationList = C95010CC28A8FD6800974D9D /* Build configuration list for PBXNativeTarget "Virgin DirectoryTests" */;
			buildPhases = (
				C95010B128A8FD6800974D9D /* Sources */,
				C95010B228A8FD6800974D9D /* Frameworks */,
				C95010B328A8FD6800974D9D /* Resources */,
			);
			buildRules = (
			);
			dependencies = (
				C95010B728A8FD6800974D9D /* PBXTargetDependency */,
			);
			name = "Virgin DirectoryTests";
			productName = "Virgin DirectoryTests";
			productReference = C95010B528A8FD6800974D9D /* Virgin DirectoryTests.xctest */;
			productType = "com.apple.product-type.bundle.unit-test";
		};
		C95010BF28A8FD6800974D9D /* Virgin DirectoryUITests */ = {
			isa = PBXNativeTarget;
			buildConfigurationList = C95010CF28A8FD6800974D9D /* Build configuration list for PBXNativeTarget "Virgin DirectoryUITests" */;
			buildPhases = (
				C95010BC28A8FD6800974D9D /* Sources */,
				C95010BD28A8FD6800974D9D /* Frameworks */,
				C95010BE28A8FD6800974D9D /* Resources */,
			);
			buildRules = (
			);
			dependencies = (
				C95010C228A8FD6800974D9D /* PBXTargetDependency */,
			);
			name = "Virgin DirectoryUITests";
			productName = "Virgin DirectoryUITests";
			productReference = C95010C028A8FD6800974D9D /* Virgin DirectoryUITests.xctest */;
			productType = "com.apple.product-type.bundle.ui-testing";
		};
/* End PBXNativeTarget section */

/* Begin PBXProject section */
		C950109728A8FD6600974D9D /* Project object */ = {
			isa = PBXProject;
			attributes = {
				LastSwiftUpdateCheck = 1240;
				LastUpgradeCheck = 1240;
				TargetAttributes = {
					C950109E28A8FD6600974D9D = {
						CreatedOnToolsVersion = 12.4;
					};
					C95010B428A8FD6800974D9D = {
						CreatedOnToolsVersion = 12.4;
						TestTargetID = C950109E28A8FD6600974D9D;
					};
					C95010BF28A8FD6800974D9D = {
						CreatedOnToolsVersion = 12.4;
						TestTargetID = C950109E28A8FD6600974D9D;
					};
				};
			};
			buildConfigurationList = C950109A28A8FD6600974D9D /* Build configuration list for PBXProject "Virgin Directory" */;
			compatibilityVersion = "Xcode 9.3";
			developmentRegion = en;
			hasScannedForEncodings = 0;
			knownRegions = (
				en,
				Base,
			);
			mainGroup = C950109628A8FD6600974D9D;
			productRefGroup = C95010A028A8FD6600974D9D /* Products */;
			projectDirPath = "";
			projectRoot = "";
			targets = (
				C950109E28A8FD6600974D9D /* Virgin Directory */,
				C95010B428A8FD6800974D9D /* Virgin DirectoryTests */,
				C95010BF28A8FD6800974D9D /* Virgin DirectoryUITests */,
			);
		};
/* End PBXProject section */

/* Begin PBXResourcesBuildPhase section */
		C950109D28A8FD6600974D9D /* Resources */ = {
			isa = PBXResourcesBuildPhase;
			buildActionMask = 2147483647;
			files = (
				C950111428A901C000974D9D /* RoomTableViewCell.xib in Resources */,
				C950110D28A9017F00974D9D /* PeoplesTableViewCell.xib in Resources */,
				C95010AF28A8FD6800974D9D /* LaunchScreen.storyboard in Resources */,
				C95010AC28A8FD6800974D9D /* Assets.xcassets in Resources */,
				C95010AA28A8FD6600974D9D /* Main.storyboard in Resources */,
			);
			runOnlyForDeploymentPostprocessing = 0;
		};
		C95010B328A8FD6800974D9D /* Resources */ = {
			isa = PBXResourcesBuildPhase;
			buildActionMask = 2147483647;
			files = (
			);
			runOnlyForDeploymentPostprocessing = 0;
		};
		C95010BE28A8FD6800974D9D /* Resources */ = {
			isa = PBXResourcesBuildPhase;
			buildActionMask = 2147483647;
			files = (
			);
			runOnlyForDeploymentPostprocessing = 0;
		};
/* End PBXResourcesBuildPhase section */

/* Begin PBXSourcesBuildPhase section */
		C950109B28A8FD6600974D9D /* Sources */ = {
			isa = PBXSourcesBuildPhase;
			buildActionMask = 2147483647;
			files = (
				C95010DA28A8FEA400974D9D /* People.swift in Sources */,
				C95010A728A8FD6600974D9D /* ViewController.swift in Sources */,
				C950110C28A9017F00974D9D /* PeoplesTableViewCell.swift in Sources */,
				C950111328A901C000974D9D /* RoomTableViewCell.swift in Sources */,
				C950111928A9020F00974D9D /* Parser.swift in Sources */,
				C95010A328A8FD6600974D9D /* AppDelegate.swift in Sources */,
				C95010A528A8FD6600974D9D /* SceneDelegate.swift in Sources */,
				C95010E228A8FEBA00974D9D /* Rooms.swift in Sources */,
				C950111F28A902D100974D9D /* Constants.swift in Sources */,
			);
			runOnlyForDeploymentPostprocessing = 0;
		};
		C95010B128A8FD6800974D9D /* Sources */ = {
			isa = PBXSourcesBuildPhase;
			buildActionMask = 2147483647;
			files = (
				C95010BA28A8FD6800974D9D /* Virgin_DirectoryTests.swift in Sources */,
			);
			runOnlyForDeploymentPostprocessing = 0;
		};
		C95010BC28A8FD6800974D9D /* Sources */ = {
			isa = PBXSourcesBuildPhase;
			buildActionMask = 2147483647;
			files = (
				C95010C528A8FD6800974D9D /* Virgin_DirectoryUITests.swift in Sources */,
			);
			runOnlyForDeploymentPostprocessing = 0;
		};
/* End PBXSourcesBuildPhase section */

/* Begin PBXTargetDependency section */
		C95010B728A8FD6800974D9D /* PBXTargetDependency */ = {
			isa = PBXTargetDependency;
			target = C950109E28A8FD6600974D9D /* Virgin Directory */;
			targetProxy = C95010B628A8FD6800974D9D /* PBXContainerItemProxy */;
		};
		C95010C228A8FD6800974D9D /* PBXTargetDependency */ = {
			isa = PBXTargetDependency;
			target = C950109E28A8FD6600974D9D /* Virgin Directory */;
			targetProxy = C95010C128A8FD6800974D9D /* PBXContainerItemProxy */;
		};
/* End PBXTargetDependency section */

/* Begin PBXVariantGroup section */
		C95010A828A8FD6600974D9D /* Main.storyboard */ = {
			isa = PBXVariantGroup;
			children = (
				C95010A928A8FD6600974D9D /* Base */,
			);
			name = Main.storyboard;
			sourceTree = "<group>";
		};
		C95010AD28A8FD6800974D9D /* LaunchScreen.storyboard */ = {
			isa = PBXVariantGroup;
			children = (
				C95010AE28A8FD6800974D9D /* Base */,
			);
			name = LaunchScreen.storyboard;
			sourceTree = "<group>";
		};
/* End PBXVariantGroup section */

/* Begin XCBuildConfiguration section */
		C95010C728A8FD6800974D9D /* Debug */ = {
			isa = XCBuildConfiguration;
			buildSettings = {
				ALWAYS_SEARCH_USER_PATHS = NO;
				CLANG_ANALYZER_NONNULL = YES;
				CLANG_ANALYZER_NUMBER_OBJECT_CONVERSION = YES_AGGRESSIVE;
				CLANG_CXX_LANGUAGE_STANDARD = "gnu++14";
				CLANG_CXX_LIBRARY = "libc++";
				CLANG_ENABLE_MODULES = YES;
				CLANG_ENABLE_OBJC_ARC = YES;
				CLANG_ENABLE_OBJC_WEAK = YES;
				CLANG_WARN_BLOCK_CAPTURE_AUTORELEASING = YES;
				CLANG_WARN_BOOL_CONVERSION = YES;
				CLANG_WARN_COMMA = YES;
				CLANG_WARN_CONSTANT_CONVERSION = YES;
				CLANG_WARN_DEPRECATED_OBJC_IMPLEMENTATIONS = YES;
				CLANG_WARN_DIRECT_OBJC_ISA_USAGE = YES_ERROR;
				CLANG_WARN_DOCUMENTATION_COMMENTS = YES;
				CLANG_WARN_EMPTY_BODY = YES;
				CLANG_WARN_ENUM_CONVERSION = YES;
				CLANG_WARN_INFINITE_RECURSION = YES;
				CLANG_WARN_INT_CONVERSION = YES;
				CLANG_WARN_NON_LITERAL_NULL_CONVERSION = YES;
				CLANG_WARN_OBJC_IMPLICIT_RETAIN_SELF = YES;
				CLANG_WARN_OBJC_LITERAL_CONVERSION = YES;
				CLANG_WARN_OBJC_ROOT_CLASS = YES_ERROR;
				CLANG_WARN_QUOTED_INCLUDE_IN_FRAMEWORK_HEADER = YES;
				CLANG_WARN_RANGE_LOOP_ANALYSIS = YES;
				CLANG_WARN_STRICT_PROTOTYPES = YES;
				CLANG_WARN_SUSPICIOUS_MOVE = YES;
				CLANG_WARN_UNGUARDED_AVAILABILITY = YES_AGGRESSIVE;
				CLANG_WARN_UNREACHABLE_CODE = YES;
				CLANG_WARN__DUPLICATE_METHOD_MATCH = YES;
				COPY_PHASE_STRIP = NO;
				DEBUG_INFORMATION_FORMAT = dwarf;
				ENABLE_STRICT_OBJC_MSGSEND = YES;
				ENABLE_TESTABILITY = YES;
				GCC_C_LANGUAGE_STANDARD = gnu11;
				GCC_DYNAMIC_NO_PIC = NO;
				GCC_NO_COMMON_BLOCKS = YES;
				GCC_OPTIMIZATION_LEVEL = 0;
				GCC_PREPROCESSOR_DEFINITIONS = (
					"DEBUG=1",
					"$(inherited)",
				);
				GCC_WARN_64_TO_32_BIT_CONVERSION = YES;
				GCC_WARN_ABOUT_RETURN_TYPE = YES_ERROR;
				GCC_WARN_UNDECLARED_SELECTOR = YES;
				GCC_WARN_UNINITIALIZED_AUTOS = YES_AGGRESSIVE;
				GCC_WARN_UNUSED_FUNCTION = YES;
				GCC_WARN_UNUSED_VARIABLE = YES;
				IPHONEOS_DEPLOYMENT_TARGET = 14.4;
				MTL_ENABLE_DEBUG_INFO = INCLUDE_SOURCE;
				MTL_FAST_MATH = YES;
				ONLY_ACTIVE_ARCH = YES;
				SDKROOT = iphoneos;
				SWIFT_ACTIVE_COMPILATION_CONDITIONS = DEBUG;
				SWIFT_OPTIMIZATION_LEVEL = "-Onone";
			};
			name = Debug;
		};
		C95010C828A8FD6800974D9D /* Release */ = {
			isa = XCBuildConfiguration;
			buildSettings = {
				ALWAYS_SEARCH_USER_PATHS = NO;
				CLANG_ANALYZER_NONNULL = YES;
				CLANG_ANALYZER_NUMBER_OBJECT_CONVERSION = YES_AGGRESSIVE;
				CLANG_CXX_LANGUAGE_STANDARD = "gnu++14";
				CLANG_CXX_LIBRARY = "libc++";
				CLANG_ENABLE_MODULES = YES;
				CLANG_ENABLE_OBJC_ARC = YES;
				CLANG_ENABLE_OBJC_WEAK = YES;
				CLANG_WARN_BLOCK_CAPTURE_AUTORELEASING = YES;
				CLANG_WARN_BOOL_CONVERSION = YES;
				CLANG_WARN_COMMA = YES;
				CLANG_WARN_CONSTANT_CONVERSION = YES;
				CLANG_WARN_DEPRECATED_OBJC_IMPLEMENTATIONS = YES;
				CLANG_WARN_DIRECT_OBJC_ISA_USAGE = YES_ERROR;
				CLANG_WARN_DOCUMENTATION_COMMENTS = YES;
				CLANG_WARN_EMPTY_BODY = YES;
				CLANG_WARN_ENUM_CONVERSION = YES;
				CLANG_WARN_INFINITE_RECURSION = YES;
				CLANG_WARN_INT_CONVERSION = YES;
				CLANG_WARN_NON_LITERAL_NULL_CONVERSION = YES;
				CLANG_WARN_OBJC_IMPLICIT_RETAIN_SELF = YES;
				CLANG_WARN_OBJC_LITERAL_CONVERSION = YES;
				CLANG_WARN_OBJC_ROOT_CLASS = YES_ERROR;
				CLANG_WARN_QUOTED_INCLUDE_IN_FRAMEWORK_HEADER = YES;
				CLANG_WARN_RANGE_LOOP_ANALYSIS = YES;
				CLANG_WARN_STRICT_PROTOTYPES = YES;
				CLANG_WARN_SUSPICIOUS_MOVE = YES;
				CLANG_WARN_UNGUARDED_AVAILABILITY = YES_AGGRESSIVE;
				CLANG_WARN_UNREACHABLE_CODE = YES;
				CLANG_WARN__DUPLICATE_METHOD_MATCH = YES;
				COPY_PHASE_STRIP = NO;
				DEBUG_INFORMATION_FORMAT = "dwarf-with-dsym";
				ENABLE_NS_ASSERTIONS = NO;
				ENABLE_STRICT_OBJC_MSGSEND = YES;
				GCC_C_LANGUAGE_STANDARD = gnu11;
				GCC_NO_COMMON_BLOCKS = YES;
				GCC_WARN_64_TO_32_BIT_CONVERSION = YES;
				GCC_WARN_ABOUT_RETURN_TYPE = YES_ERROR;
				GCC_WARN_UNDECLARED_SELECTOR = YES;
				GCC_WARN_UNINITIALIZED_AUTOS = YES_AGGRESSIVE;
				GCC_WARN_UNUSED_FUNCTION = YES;
				GCC_WARN_UNUSED_VARIABLE = YES;
				IPHONEOS_DEPLOYMENT_TARGET = 14.4;
				MTL_ENABLE_DEBUG_INFO = NO;
				MTL_FAST_MATH = YES;
				SDKROOT = iphoneos;
				SWIFT_COMPILATION_MODE = wholemodule;
				SWIFT_OPTIMIZATION_LEVEL = "-O";
				VALIDATE_PRODUCT = YES;
			};
			name = Release;
		};
		C95010CA28A8FD6800974D9D /* Debug */ = {
			isa = XCBuildConfiguration;
			buildSettings = {
				ASSETCATALOG_COMPILER_APPICON_NAME = AppIcon;
				ASSETCATALOG_COMPILER_GLOBAL_ACCENT_COLOR_NAME = AccentColor;
				CODE_SIGN_STYLE = Automatic;
				DEVELOPMENT_TEAM = 7N735R5XD3;
				INFOPLIST_FILE = "Virgin Directory/Info.plist";
				LD_RUNPATH_SEARCH_PATHS = (
					"$(inherited)",
					"@executable_path/Frameworks",
				);
				PRODUCT_BUNDLE_IDENTIFIER = "kumbam.Virgin-Directory";
				PRODUCT_NAME = "$(TARGET_NAME)";
				SWIFT_VERSION = 5.0;
				TARGETED_DEVICE_FAMILY = "1,2";
			};
			name = Debug;
		};
		C95010CB28A8FD6800974D9D /* Release */ = {
			isa = XCBuildConfiguration;
			buildSettings = {
				ASSETCATALOG_COMPILER_APPICON_NAME = AppIcon;
				ASSETCATALOG_COMPILER_GLOBAL_ACCENT_COLOR_NAME = AccentColor;
				CODE_SIGN_STYLE = Automatic;
				DEVELOPMENT_TEAM = 7N735R5XD3;
				INFOPLIST_FILE = "Virgin Directory/Info.plist";
				LD_RUNPATH_SEARCH_PATHS = (
					"$(inherited)",
					"@executable_path/Frameworks",
				);
				PRODUCT_BUNDLE_IDENTIFIER = "kumbam.Virgin-Directory";
				PRODUCT_NAME = "$(TARGET_NAME)";
				SWIFT_VERSION = 5.0;
				TARGETED_DEVICE_FAMILY = "1,2";
			};
			name = Release;
		};
		C95010CD28A8FD6800974D9D /* Debug */ = {
			isa = XCBuildConfiguration;
			buildSettings = {
				ALWAYS_EMBED_SWIFT_STANDARD_LIBRARIES = YES;
				BUNDLE_LOADER = "$(TEST_HOST)";
				CODE_SIGN_STYLE = Automatic;
				DEVELOPMENT_TEAM = 7N735R5XD3;
				INFOPLIST_FILE = "Virgin DirectoryTests/Info.plist";
				IPHONEOS_DEPLOYMENT_TARGET = 14.4;
				LD_RUNPATH_SEARCH_PATHS = (
					"$(inherited)",
					"@executable_path/Frameworks",
					"@loader_path/Frameworks",
				);
				PRODUCT_BUNDLE_IDENTIFIER = "kumbam.Virgin-DirectoryTests";
				PRODUCT_NAME = "$(TARGET_NAME)";
				SWIFT_VERSION = 5.0;
				TARGETED_DEVICE_FAMILY = "1,2";
				TEST_HOST = "$(BUILT_PRODUCTS_DIR)/Virgin Directory.app/Virgin Directory";
			};
			name = Debug;
		};
		C95010CE28A8FD6800974D9D /* Release */ = {
			isa = XCBuildConfiguration;
			buildSettings = {
				ALWAYS_EMBED_SWIFT_STANDARD_LIBRARIES = YES;
				BUNDLE_LOADER = "$(TEST_HOST)";
				CODE_SIGN_STYLE = Automatic;
				DEVELOPMENT_TEAM = 7N735R5XD3;
				INFOPLIST_FILE = "Virgin DirectoryTests/Info.plist";
				IPHONEOS_DEPLOYMENT_TARGET = 14.4;
				LD_RUNPATH_SEARCH_PATHS = (
					"$(inherited)",
					"@executable_path/Frameworks",
					"@loader_path/Frameworks",
				);
				PRODUCT_BUNDLE_IDENTIFIER = "kumbam.Virgin-DirectoryTests";
				PRODUCT_NAME = "$(TARGET_NAME)";
				SWIFT_VERSION = 5.0;
				TARGETED_DEVICE_FAMILY = "1,2";
				TEST_HOST = "$(BUILT_PRODUCTS_DIR)/Virgin Directory.app/Virgin Directory";
			};
			name = Release;
		};
		C95010D028A8FD6800974D9D /* Debug */ = {
			isa = XCBuildConfiguration;
			buildSettings = {
				ALWAYS_EMBED_SWIFT_STANDARD_LIBRARIES = YES;
				CODE_SIGN_STYLE = Automatic;
				DEVELOPMENT_TEAM = 7N735R5XD3;
				INFOPLIST_FILE = "Virgin DirectoryUITests/Info.plist";
				LD_RUNPATH_SEARCH_PATHS = (
					"$(inherited)",
					"@executable_path/Frameworks",
					"@loader_path/Frameworks",
				);
				PRODUCT_BUNDLE_IDENTIFIER = "kumbam.Virgin-DirectoryUITests";
				PRODUCT_NAME = "$(TARGET_NAME)";
				SWIFT_VERSION = 5.0;
				TARGETED_DEVICE_FAMILY = "1,2";
				TEST_TARGET_NAME = "Virgin Directory";
			};
			name = Debug;
		};
		C95010D128A8FD6800974D9D /* Release */ = {
			isa = XCBuildConfiguration;
			buildSettings = {
				ALWAYS_EMBED_SWIFT_STANDARD_LIBRARIES = YES;
				CODE_SIGN_STYLE = Automatic;
				DEVELOPMENT_TEAM = 7N735R5XD3;
				INFOPLIST_FILE = "Virgin DirectoryUITests/Info.plist";
				LD_RUNPATH_SEARCH_PATHS = (
					"$(inherited)",
					"@executable_path/Frameworks",
					"@loader_path/Frameworks",
				);
				PRODUCT_BUNDLE_IDENTIFIER = "kumbam.Virgin-DirectoryUITests";
				PRODUCT_NAME = "$(TARGET_NAME)";
				SWIFT_VERSION = 5.0;
				TARGETED_DEVICE_FAMILY = "1,2";
				TEST_TARGET_NAME = "Virgin Directory";
			};
			name = Release;
		};
/* End XCBuildConfiguration section */

/* Begin XCConfigurationList section */
		C950109A28A8FD6600974D9D /* Build configuration list for PBXProject "Virgin Directory" */ = {
			isa = XCConfigurationList;
			buildConfigurations = (
				C95010C728A8FD6800974D9D /* Debug */,
				C95010C828A8FD6800974D9D /* Release */,
			);
			defaultConfigurationIsVisible = 0;
			defaultConfigurationName = Release;
		};
		C95010C928A8FD6800974D9D /* Build configuration list for PBXNativeTarget "Virgin Directory" */ = {
			isa = XCConfigurationList;
			buildConfigurations = (
				C95010CA28A8FD6800974D9D /* Debug */,
				C95010CB28A8FD6800974D9D /* Release */,
			);
			defaultConfigurationIsVisible = 0;
			defaultConfigurationName = Release;
		};
		C95010CC28A8FD6800974D9D /* Build configuration list for PBXNativeTarget "Virgin DirectoryTests" */ = {
			isa = XCConfigurationList;
			buildConfigurations = (
				C95010CD28A8FD6800974D9D /* Debug */,
				C95010CE28A8FD6800974D9D /* Release */,
			);
			defaultConfigurationIsVisible = 0;
			defaultConfigurationName = Release;
		};
		C95010CF28A8FD6800974D9D /* Build configuration list for PBXNativeTarget "Virgin DirectoryUITests" */ = {
			isa = XCConfigurationList;
			buildConfigurations = (
				C95010D028A8FD6800974D9D /* Debug */,
				C95010D128A8FD6800974D9D /* Release */,
			);
			defaultConfigurationIsVisible = 0;
			defaultConfigurationName = Release;
		};
/* End XCConfigurationList section */
	};
	rootObject = C950109728A8FD6600974D9D /* Project object */;
}
